
Microsoft Visual Studio Solution File, Format Version 12.00
# Visual Studio Version 17
VisualStudioVersion = 17.11.35431.28
MinimumVisualStudioVersion = 10.0.40219.1
Project("{54A90642-561A-4BB1-A94E-469ADEE60C69}") = "reactproject1", "reactproject1\reactproject1.esproj", "{45FB080C-E4F5-4B22-9AFD-A2BB64830F93}"
EndProject
Global
	GlobalSection(SolutionConfigurationPlatforms) = preSolution
		Debug|Any CPU = Debug|Any CPU
		Release|Any CPU = Release|Any CPU
	EndGlobalSection
	GlobalSection(ProjectConfigurationPlatforms) = postSolution
		{45FB080C-E4F5-4B22-9AFD-A2BB64830F93}.Debug|Any CPU.ActiveCfg = Debug|Any CPU
		{45FB080C-E4F5-4B22-9AFD-A2BB64830F93}.Debug|Any CPU.Build.0 = Debug|Any CPU
		{45FB080C-E4F5-4B22-9AFD-A2BB64830F93}.Debug|Any CPU.Deploy.0 = Debug|Any CPU
		{45FB080C-E4F5-4B22-9AFD-A2BB64830F93}.Release|Any CPU.ActiveCfg = Release|Any CPU
		{45FB080C-E4F5-4B22-9AFD-A2BB64830F93}.Release|Any CPU.Build.0 = Release|Any CPU
		{45FB080C-E4F5-4B22-9AFD-A2BB64830F93}.Release|Any CPU.Deploy.0 = Release|Any CPU
	EndGlobalSection
	GlobalSection(SolutionProperties) = preSolution
		HideSolutionNode = FALSE
	EndGlobalSection
	GlobalSection(ExtensibilityGlobals) = postSolution
		SolutionGuid = {105BC5A9-885F-4CFD-8C26-F4BF842B6B79}
	EndGlobalSection
EndGlobal
